
Microsoft Visual Studio Solution File, Format Version 12.00
# Visual Studio Version 17
VisualStudioVersion = 17.7.34024.191
MinimumVisualStudioVersion = 10.0.40219.1
Project("{9A19103F-16F7-4668-BE54-9A1E7A4F7556}") = "CodeFirst", "CodeFirst.csproj", "{A3718D2B-04AE-4FBB-A53D-9BBAD1085F7D}"
EndProject
Project("{9A19103F-16F7-4668-BE54-9A1E7A4F7556}") = "DatabaseFirst", "..\DatabaseFirst\DatabaseFirst.csproj", "{D0A38F1E-E564-4D16-B9A6-EEFC478A6C45}"
EndProject
Project("{9A19103F-16F7-4668-BE54-9A1E7A4F7556}") = "Lesson10_Persisting_The_Data", "..\Lesson10_Persisting_The_Data\Lesson10_Persisting_The_Data.csproj", "{3223C41B-9A26-49EC-9055-C463BF309F73}"
EndProject
Project("{9A19103F-16F7-4668-BE54-9A1E7A4F7556}") = "Lesson11_Persisting_The_Data_Update", "..\Lesson11_Persisting_The_Data_Update\Lesson11_Persisting_The_Data_Update.csproj", "{A8A9D281-1CBF-47CD-9620-998A7478CFE2}"
EndProject
Project("{9A19103F-16F7-4668-BE54-9A1E7A4F7556}") = "Lesson12_Persisting_The_Data_Delete", "..\Lesson12_Persisting_The_Data_Delete\Lesson12_Persisting_The_Data_Delete.csproj", "{4EA27BFA-5309-4E03-B228-37F18FF7D3BF}"
EndProject
Project("{9A19103F-16F7-4668-BE54-9A1E7A4F7556}") = "Querying", "..\Querying\Querying.csproj", "{4ACDBD81-0D81-4D8B-880C-D94237F5B3EE}"
EndProject
Project("{FAE04EC0-301F-11D3-BF4B-00C04F79EFBC}") = "ChangeTracker", "..\ChangeTracker\ChangeTracker.csproj", "{976911AE-E829-42E5-BCC7-C380D26648B2}"
EndProject
Project("{FAE04EC0-301F-11D3-BF4B-00C04F79EFBC}") = "RandomDataCreate", "..\RandomDataCreate\RandomDataCreate.csproj", "{8F9E2D4E-9454-47FF-9C6E-AFB736689070}"
EndProject
Global
	GlobalSection(SolutionConfigurationPlatforms) = preSolution
		Debug|Any CPU = Debug|Any CPU
		Release|Any CPU = Release|Any CPU
	EndGlobalSection
	GlobalSection(ProjectConfigurationPlatforms) = postSolution
		{A3718D2B-04AE-4FBB-A53D-9BBAD1085F7D}.Debug|Any CPU.ActiveCfg = Debug|Any CPU
		{A3718D2B-04AE-4FBB-A53D-9BBAD1085F7D}.Debug|Any CPU.Build.0 = Debug|Any CPU
		{A3718D2B-04AE-4FBB-A53D-9BBAD1085F7D}.Release|Any CPU.ActiveCfg = Release|Any CPU
		{A3718D2B-04AE-4FBB-A53D-9BBAD1085F7D}.Release|Any CPU.Build.0 = Release|Any CPU
		{D0A38F1E-E564-4D16-B9A6-EEFC478A6C45}.Debug|Any CPU.ActiveCfg = Debug|Any CPU
		{D0A38F1E-E564-4D16-B9A6-EEFC478A6C45}.Debug|Any CPU.Build.0 = Debug|Any CPU
		{D0A38F1E-E564-4D16-B9A6-EEFC478A6C45}.Release|Any CPU.ActiveCfg = Release|Any CPU
		{D0A38F1E-E564-4D16-B9A6-EEFC478A6C45}.Release|Any CPU.Build.0 = Release|Any CPU
		{3223C41B-9A26-49EC-9055-C463BF309F73}.Debug|Any CPU.ActiveCfg = Debug|Any CPU
		{3223C41B-9A26-49EC-9055-C463BF309F73}.Debug|Any CPU.Build.0 = Debug|Any CPU
		{3223C41B-9A26-49EC-9055-C463BF309F73}.Release|Any CPU.ActiveCfg = Release|Any CPU
		{3223C41B-9A26-49EC-9055-C463BF309F73}.Release|Any CPU.Build.0 = Release|Any CPU
		{A8A9D281-1CBF-47CD-9620-998A7478CFE2}.Debug|Any CPU.ActiveCfg = Debug|Any CPU
		{A8A9D281-1CBF-47CD-9620-998A7478CFE2}.Debug|Any CPU.Build.0 = Debug|Any CPU
		{A8A9D281-1CBF-47CD-9620-998A7478CFE2}.Release|Any CPU.ActiveCfg = Release|Any CPU
		{A8A9D281-1CBF-47CD-9620-998A7478CFE2}.Release|Any CPU.Build.0 = Release|Any CPU
		{4EA27BFA-5309-4E03-B228-37F18FF7D3BF}.Debug|Any CPU.ActiveCfg = Debug|Any CPU
		{4EA27BFA-5309-4E03-B228-37F18FF7D3BF}.Debug|Any CPU.Build.0 = Debug|Any CPU
		{4EA27BFA-5309-4E03-B228-37F18FF7D3BF}.Release|Any CPU.ActiveCfg = Release|Any CPU
		{4EA27BFA-5309-4E03-B228-37F18FF7D3BF}.Release|Any CPU.Build.0 = Release|Any CPU
		{4ACDBD81-0D81-4D8B-880C-D94237F5B3EE}.Debug|Any CPU.ActiveCfg = Debug|Any CPU
		{4ACDBD81-0D81-4D8B-880C-D94237F5B3EE}.Debug|Any CPU.Build.0 = Debug|Any CPU
		{4ACDBD81-0D81-4D8B-880C-D94237F5B3EE}.Release|Any CPU.ActiveCfg = Release|Any CPU
		{4ACDBD81-0D81-4D8B-880C-D94237F5B3EE}.Release|Any CPU.Build.0 = Release|Any CPU
		{976911AE-E829-42E5-BCC7-C380D26648B2}.Debug|Any CPU.ActiveCfg = Debug|Any CPU
		{976911AE-E829-42E5-BCC7-C380D26648B2}.Debug|Any CPU.Build.0 = Debug|Any CPU
		{976911AE-E829-42E5-BCC7-C380D26648B2}.Release|Any CPU.ActiveCfg = Release|Any CPU
		{976911AE-E829-42E5-BCC7-C380D26648B2}.Release|Any CPU.Build.0 = Release|Any CPU
		{8F9E2D4E-9454-47FF-9C6E-AFB736689070}.Debug|Any CPU.ActiveCfg = Debug|Any CPU
		{8F9E2D4E-9454-47FF-9C6E-AFB736689070}.Debug|Any CPU.Build.0 = Debug|Any CPU
		{8F9E2D4E-9454-47FF-9C6E-AFB736689070}.Release|Any CPU.ActiveCfg = Release|Any CPU
		{8F9E2D4E-9454-47FF-9C6E-AFB736689070}.Release|Any CPU.Build.0 = Release|Any CPU
	EndGlobalSection
	GlobalSection(SolutionProperties) = preSolution
		HideSolutionNode = FALSE
	EndGlobalSection
	GlobalSection(ExtensibilityGlobals) = postSolution
		SolutionGuid = {B95DDB92-78EA-4C3E-AF21-875279F44E62}
	EndGlobalSection
EndGlobal
