
Microsoft Visual Studio Solution File, Format Version 12.00
# Visual Studio Version 17
VisualStudioVersion = 17.7.34024.191
MinimumVisualStudioVersion = 10.0.40219.1
Project("{9A19103F-16F7-4668-BE54-9A1E7A4F7556}") = "CodeFirst", "CodeFirst.csproj", "{A3718D2B-04AE-4FBB-A53D-9BBAD1085F7D}"
EndProject
Project("{9A19103F-16F7-4668-BE54-9A1E7A4F7556}") = "DatabaseFirst", "..\DatabaseFirst\DatabaseFirst.csproj", "{D0A38F1E-E564-4D16-B9A6-EEFC478A6C45}"
EndProject
Project("{9A19103F-16F7-4668-BE54-9A1E7A4F7556}") = "Lesson10_Persisting_The_Data", "..\Lesson10_Persisting_The_Data\Lesson10_Persisting_The_Data.csproj", "{3223C41B-9A26-49EC-9055-C463BF309F73}"
EndProject
Project("{9A19103F-16F7-4668-BE54-9A1E7A4F7556}") = "Lesson11_Persisting_The_Data_Update", "..\Lesson11_Persisting_The_Data_Update\Lesson11_Persisting_The_Data_Update.csproj", "{A8A9D281-1CBF-47CD-9620-998A7478CFE2}"
EndProject
Project("{9A19103F-16F7-4668-BE54-9A1E7A4F7556}") = "Lesson12_Persisting_The_Data_Delete", "..\Lesson12_Persisting_The_Data_Delete\Lesson12_Persisting_The_Data_Delete.csproj", "{4EA27BFA-5309-4E03-B228-37F18FF7D3BF}"
EndProject
Project("{9A19103F-16F7-4668-BE54-9A1E7A4F7556}") = "Querying", "..\Querying\Querying.csproj", "{4ACDBD81-0D81-4D8B-880C-D94237F5B3EE}"
EndProject
Project("{9A19103F-16F7-4668-BE54-9A1E7A4F7556}") = "ChangeTracker", "..\ChangeTracker\ChangeTracker.csproj", "{976911AE-E829-42E5-BCC7-C380D26648B2}"
EndProject
Project("{9A19103F-16F7-4668-BE54-9A1E7A4F7556}") = "Tracking", "..\Tracking\Tracking.csproj", "{6CE6489D-FEA1-4F01-8CFD-A301344697AC}"
EndProject
Project("{9A19103F-16F7-4668-BE54-9A1E7A4F7556}") = "Relationships", "..\Relationships\Relationships.csproj", "{E521ACE1-18D3-4549-9BF7-82D636E7E235}"
EndProject
Project("{9A19103F-16F7-4668-BE54-9A1E7A4F7556}") = "One_To_One_Relationship", "..\One_To_One_Relationship\One_To_One_Relationship.csproj", "{F1893E8F-C236-499B-AFBB-C49D42CA7583}"
EndProject
Project("{9A19103F-16F7-4668-BE54-9A1E7A4F7556}") = "One_To_Many_Relationship", "..\One_To_Many_Relationship\One_To_Many_Relationship.csproj", "{E1B6ABAE-7B6C-4ED8-B33E-7E653AF0D7BD}"
EndProject
Project("{9A19103F-16F7-4668-BE54-9A1E7A4F7556}") = "Many_To_Many_Relationship", "..\Many_To_Many_Relationship\Many_To_Many_Relationship.csproj", "{47CB98C8-6137-4A11-8BD0-40C72D2291A8}"
EndProject
Project("{9A19103F-16F7-4668-BE54-9A1E7A4F7556}") = "Saving_Related_Data", "..\Saving_Related_Data\Saving_Related_Data.csproj", "{5BE3F43C-5F82-4142-A8C3-2DBCBC98865F}"
EndProject
Project("{9A19103F-16F7-4668-BE54-9A1E7A4F7556}") = "Updating_Related_Data", "..\Updating_Related_Data\Updating_Related_Data.csproj", "{0A09F1D2-EF8E-4FAB-8FF6-545D981D6405}"
EndProject
Project("{9A19103F-16F7-4668-BE54-9A1E7A4F7556}") = "Deleting_Related_Data", "..\Deleting_Related_Data\Deleting_Related_Data.csproj", "{810A51BB-A1CE-418F-9E29-AEB99893042E}"
EndProject
Project("{FAE04EC0-301F-11D3-BF4B-00C04F79EFBC}") = "Backing_Fields", "..\Backing_Fields\Backing_Fields.csproj", "{83B4A486-6200-4DE9-83CF-2FAA9EC3A2B4}"
EndProject
Global
	GlobalSection(SolutionConfigurationPlatforms) = preSolution
		Debug|Any CPU = Debug|Any CPU
		Release|Any CPU = Release|Any CPU
	EndGlobalSection
	GlobalSection(ProjectConfigurationPlatforms) = postSolution
		{A3718D2B-04AE-4FBB-A53D-9BBAD1085F7D}.Debug|Any CPU.ActiveCfg = Debug|Any CPU
		{A3718D2B-04AE-4FBB-A53D-9BBAD1085F7D}.Debug|Any CPU.Build.0 = Debug|Any CPU
		{A3718D2B-04AE-4FBB-A53D-9BBAD1085F7D}.Release|Any CPU.ActiveCfg = Release|Any CPU
		{A3718D2B-04AE-4FBB-A53D-9BBAD1085F7D}.Release|Any CPU.Build.0 = Release|Any CPU
		{D0A38F1E-E564-4D16-B9A6-EEFC478A6C45}.Debug|Any CPU.ActiveCfg = Debug|Any CPU
		{D0A38F1E-E564-4D16-B9A6-EEFC478A6C45}.Debug|Any CPU.Build.0 = Debug|Any CPU
		{D0A38F1E-E564-4D16-B9A6-EEFC478A6C45}.Release|Any CPU.ActiveCfg = Release|Any CPU
		{D0A38F1E-E564-4D16-B9A6-EEFC478A6C45}.Release|Any CPU.Build.0 = Release|Any CPU
		{3223C41B-9A26-49EC-9055-C463BF309F73}.Debug|Any CPU.ActiveCfg = Debug|Any CPU
		{3223C41B-9A26-49EC-9055-C463BF309F73}.Debug|Any CPU.Build.0 = Debug|Any CPU
		{3223C41B-9A26-49EC-9055-C463BF309F73}.Release|Any CPU.ActiveCfg = Release|Any CPU
		{3223C41B-9A26-49EC-9055-C463BF309F73}.Release|Any CPU.Build.0 = Release|Any CPU
		{A8A9D281-1CBF-47CD-9620-998A7478CFE2}.Debug|Any CPU.ActiveCfg = Debug|Any CPU
		{A8A9D281-1CBF-47CD-9620-998A7478CFE2}.Debug|Any CPU.Build.0 = Debug|Any CPU
		{A8A9D281-1CBF-47CD-9620-998A7478CFE2}.Release|Any CPU.ActiveCfg = Release|Any CPU
		{A8A9D281-1CBF-47CD-9620-998A7478CFE2}.Release|Any CPU.Build.0 = Release|Any CPU
		{4EA27BFA-5309-4E03-B228-37F18FF7D3BF}.Debug|Any CPU.ActiveCfg = Debug|Any CPU
		{4EA27BFA-5309-4E03-B228-37F18FF7D3BF}.Debug|Any CPU.Build.0 = Debug|Any CPU
		{4EA27BFA-5309-4E03-B228-37F18FF7D3BF}.Release|Any CPU.ActiveCfg = Release|Any CPU
		{4EA27BFA-5309-4E03-B228-37F18FF7D3BF}.Release|Any CPU.Build.0 = Release|Any CPU
		{4ACDBD81-0D81-4D8B-880C-D94237F5B3EE}.Debug|Any CPU.ActiveCfg = Debug|Any CPU
		{4ACDBD81-0D81-4D8B-880C-D94237F5B3EE}.Debug|Any CPU.Build.0 = Debug|Any CPU
		{4ACDBD81-0D81-4D8B-880C-D94237F5B3EE}.Release|Any CPU.ActiveCfg = Release|Any CPU
		{4ACDBD81-0D81-4D8B-880C-D94237F5B3EE}.Release|Any CPU.Build.0 = Release|Any CPU
		{976911AE-E829-42E5-BCC7-C380D26648B2}.Debug|Any CPU.ActiveCfg = Debug|Any CPU
		{976911AE-E829-42E5-BCC7-C380D26648B2}.Debug|Any CPU.Build.0 = Debug|Any CPU
		{976911AE-E829-42E5-BCC7-C380D26648B2}.Release|Any CPU.ActiveCfg = Release|Any CPU
		{976911AE-E829-42E5-BCC7-C380D26648B2}.Release|Any CPU.Build.0 = Release|Any CPU
		{6CE6489D-FEA1-4F01-8CFD-A301344697AC}.Debug|Any CPU.ActiveCfg = Debug|Any CPU
		{6CE6489D-FEA1-4F01-8CFD-A301344697AC}.Debug|Any CPU.Build.0 = Debug|Any CPU
		{6CE6489D-FEA1-4F01-8CFD-A301344697AC}.Release|Any CPU.ActiveCfg = Release|Any CPU
		{6CE6489D-FEA1-4F01-8CFD-A301344697AC}.Release|Any CPU.Build.0 = Release|Any CPU
		{E521ACE1-18D3-4549-9BF7-82D636E7E235}.Debug|Any CPU.ActiveCfg = Debug|Any CPU
		{E521ACE1-18D3-4549-9BF7-82D636E7E235}.Debug|Any CPU.Build.0 = Debug|Any CPU
		{E521ACE1-18D3-4549-9BF7-82D636E7E235}.Release|Any CPU.ActiveCfg = Release|Any CPU
		{E521ACE1-18D3-4549-9BF7-82D636E7E235}.Release|Any CPU.Build.0 = Release|Any CPU
		{F1893E8F-C236-499B-AFBB-C49D42CA7583}.Debug|Any CPU.ActiveCfg = Debug|Any CPU
		{F1893E8F-C236-499B-AFBB-C49D42CA7583}.Debug|Any CPU.Build.0 = Debug|Any CPU
		{F1893E8F-C236-499B-AFBB-C49D42CA7583}.Release|Any CPU.ActiveCfg = Release|Any CPU
		{F1893E8F-C236-499B-AFBB-C49D42CA7583}.Release|Any CPU.Build.0 = Release|Any CPU
		{E1B6ABAE-7B6C-4ED8-B33E-7E653AF0D7BD}.Debug|Any CPU.ActiveCfg = Debug|Any CPU
		{E1B6ABAE-7B6C-4ED8-B33E-7E653AF0D7BD}.Debug|Any CPU.Build.0 = Debug|Any CPU
		{E1B6ABAE-7B6C-4ED8-B33E-7E653AF0D7BD}.Release|Any CPU.ActiveCfg = Release|Any CPU
		{E1B6ABAE-7B6C-4ED8-B33E-7E653AF0D7BD}.Release|Any CPU.Build.0 = Release|Any CPU
		{47CB98C8-6137-4A11-8BD0-40C72D2291A8}.Debug|Any CPU.ActiveCfg = Debug|Any CPU
		{47CB98C8-6137-4A11-8BD0-40C72D2291A8}.Debug|Any CPU.Build.0 = Debug|Any CPU
		{47CB98C8-6137-4A11-8BD0-40C72D2291A8}.Release|Any CPU.ActiveCfg = Release|Any CPU
		{47CB98C8-6137-4A11-8BD0-40C72D2291A8}.Release|Any CPU.Build.0 = Release|Any CPU
		{5BE3F43C-5F82-4142-A8C3-2DBCBC98865F}.Debug|Any CPU.ActiveCfg = Debug|Any CPU
		{5BE3F43C-5F82-4142-A8C3-2DBCBC98865F}.Debug|Any CPU.Build.0 = Debug|Any CPU
		{5BE3F43C-5F82-4142-A8C3-2DBCBC98865F}.Release|Any CPU.ActiveCfg = Release|Any CPU
		{5BE3F43C-5F82-4142-A8C3-2DBCBC98865F}.Release|Any CPU.Build.0 = Release|Any CPU
		{0A09F1D2-EF8E-4FAB-8FF6-545D981D6405}.Debug|Any CPU.ActiveCfg = Debug|Any CPU
		{0A09F1D2-EF8E-4FAB-8FF6-545D981D6405}.Debug|Any CPU.Build.0 = Debug|Any CPU
		{0A09F1D2-EF8E-4FAB-8FF6-545D981D6405}.Release|Any CPU.ActiveCfg = Release|Any CPU
		{0A09F1D2-EF8E-4FAB-8FF6-545D981D6405}.Release|Any CPU.Build.0 = Release|Any CPU
		{810A51BB-A1CE-418F-9E29-AEB99893042E}.Debug|Any CPU.ActiveCfg = Debug|Any CPU
		{810A51BB-A1CE-418F-9E29-AEB99893042E}.Debug|Any CPU.Build.0 = Debug|Any CPU
		{810A51BB-A1CE-418F-9E29-AEB99893042E}.Release|Any CPU.ActiveCfg = Release|Any CPU
		{810A51BB-A1CE-418F-9E29-AEB99893042E}.Release|Any CPU.Build.0 = Release|Any CPU
		{83B4A486-6200-4DE9-83CF-2FAA9EC3A2B4}.Debug|Any CPU.ActiveCfg = Debug|Any CPU
		{83B4A486-6200-4DE9-83CF-2FAA9EC3A2B4}.Debug|Any CPU.Build.0 = Debug|Any CPU
		{83B4A486-6200-4DE9-83CF-2FAA9EC3A2B4}.Release|Any CPU.ActiveCfg = Release|Any CPU
		{83B4A486-6200-4DE9-83CF-2FAA9EC3A2B4}.Release|Any CPU.Build.0 = Release|Any CPU
	EndGlobalSection
	GlobalSection(SolutionProperties) = preSolution
		HideSolutionNode = FALSE
	EndGlobalSection
	GlobalSection(ExtensibilityGlobals) = postSolution
		SolutionGuid = {B95DDB92-78EA-4C3E-AF21-875279F44E62}
	EndGlobalSection
EndGlobal
